
Microsoft Visual Studio Solution File, Format Version 12.00
# Visual Studio Version 17
VisualStudioVersion = 17.11.35005.142
MinimumVisualStudioVersion = 10.0.40219.1
Project("{FAE04EC0-301F-11D3-BF4B-00C04F79EFBC}") = "HttpServer", "HttpServer\HttpServer.csproj", "{DD26E5AD-F4FF-49EB-89BD-3162E74FE7F0}"
EndProject
Global
	GlobalSection(SolutionConfigurationPlatforms) = preSolution
		Debug|Any CPU = Debug|Any CPU
		Release|Any CPU = Release|Any CPU
	EndGlobalSection
	GlobalSection(ProjectConfigurationPlatforms) = postSolution
		{DD26E5AD-F4FF-49EB-89BD-3162E74FE7F0}.Debug|Any CPU.ActiveCfg = Debug|Any CPU
		{DD26E5AD-F4FF-49EB-89BD-3162E74FE7F0}.Debug|Any CPU.Build.0 = Debug|Any CPU
		{DD26E5AD-F4FF-49EB-89BD-3162E74FE7F0}.Release|Any CPU.ActiveCfg = Release|Any CPU
		{DD26E5AD-F4FF-49EB-89BD-3162E74FE7F0}.Release|Any CPU.Build.0 = Release|Any CPU
	EndGlobalSection
	GlobalSection(SolutionProperties) = preSolution
		HideSolutionNode = FALSE
	EndGlobalSection
	GlobalSection(ExtensibilityGlobals) = postSolution
		SolutionGuid = {700A5F77-4B86-498E-8BA2-8B55B0DF5288}
	EndGlobalSection
EndGlobal
